{
  "requires": true,
  "lockfileVersion": 1,
  "dependencies": {
    "uni-read-pages": {
      "version": "1.0.5",
      "resolved": "https://registry.npmjs.org/uni-read-pages/-/uni-read-pages-1.0.5.tgz",
      "integrity": "sha512-GkrrZ0LX0vn9R5k6RKEi0Ez3Q3e2vUpjXQ8Z6/K/d28KudI9ajqgt8WEjQFlG5EPm1K6uTArN8LlqmZTEixDUA=="
    },
    "uni-simple-router": {
      "version": "2.0.6",
      "resolved": "https://registry.npmjs.org/uni-simple-router/-/uni-simple-router-2.0.6.tgz",
      "integrity": "sha512-n5gepoT3QcBrvVLeTCY/DjUjC4m1hNzwFlOa1VlCsww/4/34MGfvegpN9OWR8jOxxtUPKGHLAG0yODL/ITCwbw=="
    }
  }
}
